dependencies:
  node-opcua-assert: link:../node-opcua-assert
  node-opcua-basic-types: link:../node-opcua-basic-types
  node-opcua-binary-stream: link:../node-opcua-binary-stream
  node-opcua-data-model: link:../node-opcua-data-model
  node-opcua-data-value: link:../node-opcua-data-value
  node-opcua-extension-object: link:../node-opcua-extension-object
  node-opcua-factory: link:../node-opcua-factory
  node-opcua-nodeid: link:../node-opcua-nodeid
  node-opcua-service-filter: link:../node-opcua-service-filter
  node-opcua-service-secure-channel: link:../node-opcua-service-secure-channel
  node-opcua-types: link:../node-opcua-types
devDependencies:
  node-opcua-packet-analyzer: link:../node-opcua-packet-analyzer
  node-opcua-service-read: link:../node-opcua-service-read
lockfileVersion: 5.2
specifiers:
  node-opcua-assert: 2.35.0
  node-opcua-basic-types: 2.35.0
  node-opcua-binary-stream: 2.35.0
  node-opcua-data-model: 2.35.0
  node-opcua-data-value: 2.35.0
  node-opcua-extension-object: 2.35.0
  node-opcua-factory: 2.35.0
  node-opcua-nodeid: 2.35.0
  node-opcua-packet-analyzer: 2.35.0
  node-opcua-service-filter: 2.35.0
  node-opcua-service-read: 2.35.0
  node-opcua-service-secure-channel: 2.35.0
  node-opcua-types: 2.35.0
