dependencies:
  '@types/bonjour': 3.5.8
  bonjour: 3.5.0
  node-opcua-assert: link:../node-opcua-assert
  node-opcua-basic-types: link:../node-opcua-basic-types
  node-opcua-binary-stream: link:../node-opcua-binary-stream
  node-opcua-data-model: link:../node-opcua-data-model
  node-opcua-debug: link:../node-opcua-debug
  node-opcua-factory: link:../node-opcua-factory
  node-opcua-nodeid: link:../node-opcua-nodeid
  node-opcua-service-endpoints: link:../node-opcua-service-endpoints
  node-opcua-service-secure-channel: link:../node-opcua-service-secure-channel
  node-opcua-types: link:../node-opcua-types
lockfileVersion: 5.2
packages:
  /@types/bonjour/3.5.8:
    dependencies:
      '@types/node': 14.14.31
    dev: false
    resolution:
      integrity: sha512-Di3AHXV6SS04EyurnOGxGjFXiLWmt2iopQTNtf0UodfvvGPJo+n60YHWfEy2XGF4dBeYQyrf7RpO5cqzrPxE9Q==
  /@types/node/14.14.31:
    dev: false
    resolution:
      integrity: sha512-vFHy/ezP5qI0rFgJ7aQnjDXwAMrG0KqqIH7tQG5PPv3BWBayOPIQNBjVc/P6hhdZfMx51REc6tfDNXHUio893g==
  /array-flatten/2.1.2:
    dev: false
    resolution:
      integrity: sha512-hNfzcOV8W4NdualtqBFPyVO+54DSJuZGY9qT4pRroB6S9e3iiido2ISIC5h9R2sPJ8H3FHCIiEnsv1lPXO3KtQ==
  /bonjour/3.5.0:
    dependencies:
      array-flatten: 2.1.2
      deep-equal: 1.1.1
      dns-equal: 1.0.0
      dns-txt: 2.0.2
      multicast-dns: 6.2.3
      multicast-dns-service-types: 1.1.0
    dev: false
    resolution:
      integrity: sha1-jokKGD2O6aI5OzhExpGkK897yfU=
  /buffer-indexof/1.1.1:
    dev: false
    resolution:
      integrity: sha512-4/rOEg86jivtPTeOUUT61jJO1Ya1TrR/OkqCSZDyq84WJh3LuuiphBYJN+fm5xufIk4XAFcEwte/8WzC8If/1g==
  /call-bind/1.0.2:
    dependencies:
      function-bind: 1.1.1
      get-intrinsic: 1.1.1
    dev: false
    resolution:
      integrity: sha512-7O+FbCihrB5WGbFYesctwmTKae6rOiIzmz1icreWJ+0aA7LJfuqhEso2T9ncpcFtzMQtzXf2QGGueWJGTYsqrA==
  /deep-equal/1.1.1:
    dependencies:
      is-arguments: 1.1.0
      is-date-object: 1.0.2
      is-regex: 1.1.2
      object-is: 1.1.5
      object-keys: 1.1.1
      regexp.prototype.flags: 1.3.1
    dev: false
    resolution:
      integrity: sha512-yd9c5AdiqVcR+JjcwUQb9DkhJc8ngNr0MahEBGvDiJw8puWab2yZlh+nkasOnZP+EGTAP6rRp2JzJhJZzvNF8g==
  /define-properties/1.1.3:
    dependencies:
      object-keys: 1.1.1
    dev: false
    engines:
      node: '>= 0.4'
    resolution:
      integrity: sha512-3MqfYKj2lLzdMSf8ZIZE/V+Zuy+BgD6f164e8K2w7dgnpKArBDerGYpM46IYYcjnkdPNMjPk9A6VFB8+3SKlXQ==
  /dns-equal/1.0.0:
    dev: false
    resolution:
      integrity: sha1-s55/HabrCnW6nBcySzR1PEfgZU0=
  /dns-packet/1.3.1:
    dependencies:
      ip: 1.1.5
      safe-buffer: 5.2.1
    dev: false
    resolution:
      integrity: sha512-0UxfQkMhYAUaZI+xrNZOz/as5KgDU0M/fQ9b6SpkyLbk3GEswDi6PADJVaYJradtRVsRIlF1zLyOodbcTCDzUg==
  /dns-txt/2.0.2:
    dependencies:
      buffer-indexof: 1.1.1
    dev: false
    resolution:
      integrity: sha1-uR2Ab10nGI5Ks+fRB9iBocxGQrY=
  /function-bind/1.1.1:
    dev: false
    resolution:
      integrity: sha512-yIovAzMX49sF8Yl58fSCWJ5svSLuaibPxXQJFLmBObTuCr0Mf1KiPopGM9NiFjiYBCbfaa2Fh6breQ6ANVTI0A==
  /get-intrinsic/1.1.1:
    dependencies:
      function-bind: 1.1.1
      has: 1.0.3
      has-symbols: 1.0.2
    dev: false
    resolution:
      integrity: sha512-kWZrnVM42QCiEA2Ig1bG8zjoIMOgxWwYCEeNdwY6Tv/cOSeGpcoX4pXHfKUxNKVoArnrEr2e9srnAxxGIraS9Q==
  /has-symbols/1.0.2:
    dev: false
    engines:
      node: '>= 0.4'
    resolution:
      integrity: sha512-chXa79rL/UC2KlX17jo3vRGz0azaWEx5tGqZg5pO3NUyEJVB17dMruQlzCCOfUvElghKcm5194+BCRvi2Rv/Gw==
  /has/1.0.3:
    dependencies:
      function-bind: 1.1.1
    dev: false
    engines:
      node: '>= 0.4.0'
    resolution:
      integrity: sha512-f2dvO0VU6Oej7RkWJGrehjbzMAjFp5/VKPp5tTpWIV4JHHZK1/BxbFRtf/siA2SWTe09caDmVtYYzWEIbBS4zw==
  /ip/1.1.5:
    dev: false
    resolution:
      integrity: sha1-vd7XARQpCCjAoDnnLvJfWq7ENUo=
  /is-arguments/1.1.0:
    dependencies:
      call-bind: 1.0.2
    dev: false
    engines:
      node: '>= 0.4'
    resolution:
      integrity: sha512-1Ij4lOMPl/xB5kBDn7I+b2ttPMKa8szhEIrXDuXQD/oe3HJLTLhqhgGspwgyGd6MOywBUqVvYicF72lkgDnIHg==
  /is-date-object/1.0.2:
    dev: false
    engines:
      node: '>= 0.4'
    resolution:
      integrity: sha512-USlDT524woQ08aoZFzh3/Z6ch9Y/EWXEHQ/AaRN0SkKq4t2Jw2R2339tSXmwuVoY7LLlBCbOIlx2myP/L5zk0g==
  /is-regex/1.1.2:
    dependencies:
      call-bind: 1.0.2
      has-symbols: 1.0.2
    dev: false
    engines:
      node: '>= 0.4'
    resolution:
      integrity: sha512-axvdhb5pdhEVThqJzYXwMlVuZwC+FF2DpcOhTS+y/8jVq4trxyPgfcwIxIKiyeuLlSQYKkmUaPQJ8ZE4yNKXDg==
  /multicast-dns-service-types/1.1.0:
    dev: false
    resolution:
      integrity: sha1-iZ8R2WhuXgXLkbNdXw5jt3PPyQE=
  /multicast-dns/6.2.3:
    dependencies:
      dns-packet: 1.3.1
      thunky: 1.1.0
    dev: false
    hasBin: true
    resolution:
      integrity: sha512-ji6J5enbMyGRHIAkAOu3WdV8nggqviKCEKtXcOqfphZZtQrmHKycfynJ2V7eVPUA4NhJ6V7Wf4TmGbTwKE9B6g==
  /object-is/1.1.5:
    dependencies:
      call-bind: 1.0.2
      define-properties: 1.1.3
    dev: false
    engines:
      node: '>= 0.4'
    resolution:
      integrity: sha512-3cyDsyHgtmi7I7DfSSI2LDp6SK2lwvtbg0p0R1e0RvTqF5ceGx+K2dfSjm1bKDMVCFEDAQvy+o8c6a7VujOddw==
  /object-keys/1.1.1:
    dev: false
    engines:
      node: '>= 0.4'
    resolution:
      integrity: sha512-NuAESUOUMrlIXOfHKzD6bpPu3tYt3xvjNdRIQ+FeT0lNb4K8WR70CaDxhuNguS2XG+GjkyMwOzsN5ZktImfhLA==
  /regexp.prototype.flags/1.3.1:
    dependencies:
      call-bind: 1.0.2
      define-properties: 1.1.3
    dev: false
    engines:
      node: '>= 0.4'
    resolution:
      integrity: sha512-JiBdRBq91WlY7uRJ0ds7R+dU02i6LKi8r3BuQhNXn+kmeLN+EfHhfjqMRis1zJxnlu88hq/4dx0P2OP3APRTOA==
  /safe-buffer/5.2.1:
    dev: false
    resolution:
      integrity: sha512-rp3So07KcdmmKbGvgaNxQSJr7bGVSVk5S9Eq1F+ppbRo70+YeaDxkw5Dd8NPN+GD6bjnYm2VuPuCXmpuYvmCXQ==
  /thunky/1.1.0:
    dev: false
    resolution:
      integrity: sha512-eHY7nBftgThBqOyHGVN+l8gF0BucP09fMo0oO/Lb0w1OF80dJv+lDVpXG60WMQvkcxAkNybKsrEIE3ZtKGmPrA==
specifiers:
  '@types/bonjour': ^3.5.8
  bonjour: ^3.5.0
  node-opcua-assert: 2.35.0
  node-opcua-basic-types: 2.35.0
  node-opcua-binary-stream: 2.35.0
  node-opcua-data-model: 2.35.0
  node-opcua-debug: 2.35.0
  node-opcua-factory: 2.35.0
  node-opcua-nodeid: 2.35.0
  node-opcua-service-endpoints: 2.35.0
  node-opcua-service-secure-channel: 2.35.0
  node-opcua-types: 2.35.0
