{
  "name": "node-opcua-aggregates",
  "version": "2.0.0-alpha.8",
  "lockfileVersion": 1,
  "requires": true,
  "dependencies": {
    "@sinonjs/commons": {
      "version": "1.3.0",
      "resolved": "https://registry.npmjs.org/@sinonjs/commons/-/commons-1.3.0.tgz",
      "integrity": "sha512-j4ZwhaHmwsCb4DlDOIWnI5YyKDNMoNThsmwEpfHx6a1EpsGZ9qYLxP++LMlmBRjtGptGHFsGItJ768snllFWpA==",
      "dev": true,
      "requires": {
        "type-detect": "4.0.8"
      }
    },
    "@sinonjs/formatio": {
      "version": "3.1.0",
      "resolved": "https://registry.npmjs.org/@sinonjs/formatio/-/formatio-3.1.0.tgz",
      "integrity": "sha512-ZAR2bPHOl4Xg6eklUGpsdiIJ4+J1SNag1DHHrG/73Uz/nVwXqjgUtRPLoS+aVyieN9cSbc0E4LsU984tWcDyNg==",
      "dev": true,
      "requires": {
        "@sinonjs/samsam": "^2 || ^3"
      }
    },
    "@sinonjs/samsam": {
      "version": "3.0.2",
      "resolved": "https://registry.npmjs.org/@sinonjs/samsam/-/samsam-3.0.2.tgz",
      "integrity": "sha512-m08g4CS3J6lwRQk1pj1EO+KEVWbrbXsmi9Pw0ySmrIbcVxVaedoFgLvFsV8wHLwh01EpROVz3KvVcD1Jmks9FQ==",
      "dev": true,
      "requires": {
        "@sinonjs/commons": "^1.0.2",
        "array-from": "^2.1.1",
        "lodash.get": "^4.4.2"
      }
    },
    "array-from": {
      "version": "2.1.1",
      "resolved": "https://registry.npmjs.org/array-from/-/array-from-2.1.1.tgz",
      "integrity": "sha1-z+nYwmYoudxa7MYqn12PHzUsEZU=",
      "dev": true
    },
    "colors": {
      "version": "1.3.3",
      "resolved": "https://registry.npmjs.org/colors/-/colors-1.3.3.tgz",
      "integrity": "sha512-mmGt/1pZqYRjMxB1axhTo16/snVZ5krrKkcmMeVKxzECMMXoCgnvTPp10QgHfcbQZw8Dq2jMNG6je4JlWU0gWg==",
      "dev": true
    },
    "diff": {
      "version": "3.5.0",
      "resolved": "https://registry.npmjs.org/diff/-/diff-3.5.0.tgz",
      "integrity": "sha512-A46qtFgd+g7pDZinpnwiRJtxbC1hpgf0uzP3iG89scHk0AUC7A1TGxf5OiiOUv/JMZR8GOt8hL900hV0bOy5xA==",
      "dev": true
    },
    "has-flag": {
      "version": "3.0.0",
      "resolved": "https://registry.npmjs.org/has-flag/-/has-flag-3.0.0.tgz",
      "integrity": "sha1-tdRU3CGZriJWmfNGfloH87lVuv0=",
      "dev": true
    },
    "isarray": {
      "version": "0.0.1",
      "resolved": "https://registry.npmjs.org/isarray/-/isarray-0.0.1.tgz",
      "integrity": "sha1-ihis/Kmo9Bd+Cav8YDiTmwXR7t8=",
      "dev": true
    },
    "just-extend": {
      "version": "4.0.2",
      "resolved": "https://registry.npmjs.org/just-extend/-/just-extend-4.0.2.tgz",
      "integrity": "sha512-FrLwOgm+iXrPV+5zDU6Jqu4gCRXbWEQg2O3SKONsWE4w7AXFRkryS53bpWdaL9cNol+AmR3AEYz6kn+o0fCPnw==",
      "dev": true
    },
    "lodash.get": {
      "version": "4.4.2",
      "resolved": "https://registry.npmjs.org/lodash.get/-/lodash.get-4.4.2.tgz",
      "integrity": "sha1-LRd/ZS+jHpObRDjVNBSZ36OCXpk=",
      "dev": true
    },
    "lolex": {
      "version": "3.0.0",
      "resolved": "https://registry.npmjs.org/lolex/-/lolex-3.0.0.tgz",
      "integrity": "sha512-hcnW80h3j2lbUfFdMArd5UPA/vxZJ+G8vobd+wg3nVEQA0EigStbYcrG030FJxL6xiDDPEkoMatV9xIh5OecQQ==",
      "dev": true
    },
    "nise": {
      "version": "1.4.8",
      "resolved": "https://registry.npmjs.org/nise/-/nise-1.4.8.tgz",
      "integrity": "sha512-kGASVhuL4tlAV0tvA34yJYZIVihrUt/5bDwpp4tTluigxUr2bBlJeDXmivb6NuEdFkqvdv/Ybb9dm16PSKUhtw==",
      "dev": true,
      "requires": {
        "@sinonjs/formatio": "^3.1.0",
        "just-extend": "^4.0.2",
        "lolex": "^2.3.2",
        "path-to-regexp": "^1.7.0",
        "text-encoding": "^0.6.4"
      },
      "dependencies": {
        "lolex": {
          "version": "2.7.5",
          "resolved": "https://registry.npmjs.org/lolex/-/lolex-2.7.5.tgz",
          "integrity": "sha512-l9x0+1offnKKIzYVjyXU2SiwhXDLekRzKyhnbyldPHvC7BvLPVpdNUNR2KeMAiCN2D/kLNttZgQD5WjSxuBx3Q==",
          "dev": true
        }
      }
    },
    "path-to-regexp": {
      "version": "1.7.0",
      "resolved": "https://registry.npmjs.org/path-to-regexp/-/path-to-regexp-1.7.0.tgz",
      "integrity": "sha1-Wf3g9DW62suhA6hOnTvGTpa5k30=",
      "dev": true,
      "requires": {
        "isarray": "0.0.1"
      }
    },
    "sinon": {
      "version": "7.2.2",
      "resolved": "https://registry.npmjs.org/sinon/-/sinon-7.2.2.tgz",
      "integrity": "sha512-WLagdMHiEsrRmee3jr6IIDntOF4kbI6N2pfbi8wkv50qaUQcBglkzkjtoOEbeJ2vf1EsrHhLI+5Ny8//WHdMoA==",
      "dev": true,
      "requires": {
        "@sinonjs/commons": "^1.2.0",
        "@sinonjs/formatio": "^3.1.0",
        "@sinonjs/samsam": "^3.0.2",
        "diff": "^3.5.0",
        "lolex": "^3.0.0",
        "nise": "^1.4.7",
        "supports-color": "^5.5.0"
      }
    },
    "supports-color": {
      "version": "5.5.0",
      "resolved": "https://registry.npmjs.org/supports-color/-/supports-color-5.5.0.tgz",
      "integrity": "sha512-QjVjwdXIt408MIiAqCX4oUKsgU2EqAGzs2Ppkm4aQYbjm+ZEWEcW4SfFNTr4uMNZma0ey4f5lgLrkB0aX0QMow==",
      "dev": true,
      "requires": {
        "has-flag": "^3.0.0"
      }
    },
    "text-encoding": {
      "version": "0.6.4",
      "resolved": "http://registry.npmjs.org/text-encoding/-/text-encoding-0.6.4.tgz",
      "integrity": "sha1-45mpgiV6J22uQou5KEXLcb3CbRk=",
      "dev": true
    },
    "type-detect": {
      "version": "4.0.8",
      "resolved": "https://registry.npmjs.org/type-detect/-/type-detect-4.0.8.tgz",
      "integrity": "sha512-0fr/mIH1dlO+x7TlcMy+bIDqKPsw/70tVyeHW787goQjhmqaZe10uwLujubK9q9Lg6Fiho1KUKDYz0Z7k7g5/g==",
      "dev": true
    }
  }
}
