{
	"name": "node-opcua-aggregates",
	"version": "0.5.0",
	"lockfileVersion": 1,
	"requires": true,
	"dependencies": {
      "sinon": {
        "version": "7.0.0",
        "resolved": "https://registry.npmjs.org/sinon/-/sinon-7.0.0.tgz",
        "integrity": "sha512-8OrSYFPZ9xaECfi1ayVMd0ihYCW2OZYgX3rBczrB990gHZMM+aftvhNTJazGz/luS0Us9NWgD5P3KGQ7kYZvGg==",
        "dev": true,
        "requires": {
          "@sinonjs/commons": "^1.0.2",
          "@sinonjs/formatio": "^3.0.0",
          "@sinonjs/samsam": "^2.1.2",
          "diff": "^3.5.0",
          "lodash.get": "^4.4.2",
          "lolex": "^3.0.0",
          "nise": "^1.4.5",
          "supports-color": "^5.5.0",
          "type-detect": "^4.0.8"
        },
        "dependencies": {
          "@sinonjs/commons": {
            "version": "1.3.0",
            "resolved": "https://registry.npmjs.org/@sinonjs/commons/-/commons-1.3.0.tgz",
            "integrity": "sha512-j4ZwhaHmwsCb4DlDOIWnI5YyKDNMoNThsmwEpfHx6a1EpsGZ9qYLxP++LMlmBRjtGptGHFsGItJ768snllFWpA==",
            "dev": true,
            "requires": {
              "type-detect": "4.0.8"
            }
          },
          "@sinonjs/formatio": {
            "version": "3.0.0",
            "resolved": "https://registry.npmjs.org/@sinonjs/formatio/-/formatio-3.0.0.tgz",
            "integrity": "sha512-vdjoYLDptCgvtJs57ULshak3iJe4NW3sJ3g36xVDGff5AE8P30S6A093EIEPjdi2noGhfuNOEkbxt3J3awFW1w==",
            "dev": true,
            "requires": {
              "@sinonjs/samsam": "2.1.0"
            },
            "dependencies": {
              "@sinonjs/samsam": {
                "version": "2.1.0",
                "resolved": "https://registry.npmjs.org/@sinonjs/samsam/-/samsam-2.1.0.tgz",
                "integrity": "sha512-5x2kFgJYupaF1ns/RmharQ90lQkd2ELS8A9X0ymkAAdemYHGtI2KiUHG8nX2WU0T1qgnOU5YMqnBM2V7NUanNw==",
                "dev": true,
                "requires": {
                  "array-from": "^2.1.1"
                }
              }
            }
          },
          "@sinonjs/samsam": {
            "version": "2.1.2",
            "resolved": "https://registry.npmjs.org/@sinonjs/samsam/-/samsam-2.1.2.tgz",
            "integrity": "sha512-ZwTHAlC9akprWDinwEPD4kOuwaYZlyMwVJIANsKNC3QVp0AHB04m7RnB4eqeWfgmxw8MGTzS9uMaw93Z3QcZbw==",
            "dev": true
          },
          "array-from": {
            "version": "2.1.1",
            "resolved": "https://registry.npmjs.org/array-from/-/array-from-2.1.1.tgz",
            "integrity": "sha1-z+nYwmYoudxa7MYqn12PHzUsEZU=",
            "dev": true
          },
          "diff": {
            "version": "3.5.0",
            "resolved": "https://registry.npmjs.org/diff/-/diff-3.5.0.tgz",
            "integrity": "sha512-A46qtFgd+g7pDZinpnwiRJtxbC1hpgf0uzP3iG89scHk0AUC7A1TGxf5OiiOUv/JMZR8GOt8hL900hV0bOy5xA==",
            "dev": true
          },
          "has-flag": {
            "version": "3.0.0",
            "resolved": "https://registry.npmjs.org/has-flag/-/has-flag-3.0.0.tgz",
            "integrity": "sha1-tdRU3CGZriJWmfNGfloH87lVuv0=",
            "dev": true
          },
          "isarray": {
            "version": "0.0.1",
            "resolved": "https://registry.npmjs.org/isarray/-/isarray-0.0.1.tgz",
            "integrity": "sha1-ihis/Kmo9Bd+Cav8YDiTmwXR7t8=",
            "dev": true
          },
          "just-extend": {
            "version": "3.0.0",
            "resolved": "https://registry.npmjs.org/just-extend/-/just-extend-3.0.0.tgz",
            "integrity": "sha512-Fu3T6pKBuxjWT/p4DkqGHFRsysc8OauWr4ZRTY9dIx07Y9O0RkoR5jcv28aeD1vuAwhm3nLkDurwLXoALp4DpQ==",
            "dev": true
          },
          "lodash.get": {
            "version": "4.4.2",
            "resolved": "https://registry.npmjs.org/lodash.get/-/lodash.get-4.4.2.tgz",
            "integrity": "sha1-LRd/ZS+jHpObRDjVNBSZ36OCXpk=",
            "dev": true
          },
          "lolex": {
            "version": "3.0.0",
            "resolved": "https://registry.npmjs.org/lolex/-/lolex-3.0.0.tgz",
            "integrity": "sha512-hcnW80h3j2lbUfFdMArd5UPA/vxZJ+G8vobd+wg3nVEQA0EigStbYcrG030FJxL6xiDDPEkoMatV9xIh5OecQQ==",
            "dev": true
          },
          "nise": {
            "version": "1.4.6",
            "resolved": "https://registry.npmjs.org/nise/-/nise-1.4.6.tgz",
            "integrity": "sha512-1GedetLKzmqmgwabuMSqPsT7oumdR77SBpDfNNJhADRIeA3LN/2RVqR4fFqwvzhAqcTef6PPCzQwITE/YQ8S8A==",
            "dev": true,
            "requires": {
              "@sinonjs/formatio": "3.0.0",
              "just-extend": "^3.0.0",
              "lolex": "^2.3.2",
              "path-to-regexp": "^1.7.0",
              "text-encoding": "^0.6.4"
            },
            "dependencies": {
              "lolex": {
                "version": "2.7.5",
                "resolved": "https://registry.npmjs.org/lolex/-/lolex-2.7.5.tgz",
                "integrity": "sha512-l9x0+1offnKKIzYVjyXU2SiwhXDLekRzKyhnbyldPHvC7BvLPVpdNUNR2KeMAiCN2D/kLNttZgQD5WjSxuBx3Q==",
                "dev": true
              }
            }
          },
          "path-to-regexp": {
            "version": "1.7.0",
            "resolved": "https://registry.npmjs.org/path-to-regexp/-/path-to-regexp-1.7.0.tgz",
            "integrity": "sha1-Wf3g9DW62suhA6hOnTvGTpa5k30=",
            "dev": true,
            "requires": {
              "isarray": "0.0.1"
            }
          },
          "supports-color": {
            "version": "5.5.0",
            "resolved": "https://registry.npmjs.org/supports-color/-/supports-color-5.5.0.tgz",
            "integrity": "sha512-QjVjwdXIt408MIiAqCX4oUKsgU2EqAGzs2Ppkm4aQYbjm+ZEWEcW4SfFNTr4uMNZma0ey4f5lgLrkB0aX0QMow==",
            "dev": true,
            "requires": {
              "has-flag": "^3.0.0"
            }
          },
          "text-encoding": {
            "version": "0.6.4",
            "resolved": "http://registry.npmjs.org/text-encoding/-/text-encoding-0.6.4.tgz",
            "integrity": "sha1-45mpgiV6J22uQou5KEXLcb3CbRk=",
            "dev": true
          },
          "type-detect": {
            "version": "4.0.8",
            "resolved": "https://registry.npmjs.org/type-detect/-/type-detect-4.0.8.tgz",
            "integrity": "sha512-0fr/mIH1dlO+x7TlcMy+bIDqKPsw/70tVyeHW787goQjhmqaZe10uwLujubK9q9Lg6Fiho1KUKDYz0Z7k7g5/g==",
            "dev": true
          }
			}
		}
	}
}
