dependencies:
  '@types/lodash': 4.14.168
  async: 3.2.0
  chalk: 4.1.0
  dequeue: 1.0.5
  lodash: 4.17.21
  node-opcua-assert: link:../node-opcua-assert
  node-opcua-basic-types: link:../node-opcua-basic-types
  node-opcua-client-dynamic-extension-object: link:../node-opcua-client-dynamic-extension-object
  node-opcua-constants: link:../node-opcua-constants
  node-opcua-data-access: link:../node-opcua-data-access
  node-opcua-data-model: link:../node-opcua-data-model
  node-opcua-data-value: link:../node-opcua-data-value
  node-opcua-date-time: link:../node-opcua-date-time
  node-opcua-debug: link:../node-opcua-debug
  node-opcua-enum: link:../node-opcua-enum
  node-opcua-factory: link:../node-opcua-factory
  node-opcua-nodeid: link:../node-opcua-nodeid
  node-opcua-numeric-range: link:../node-opcua-numeric-range
  node-opcua-object-registry: link:../node-opcua-object-registry
  node-opcua-pseudo-session: link:../node-opcua-pseudo-session
  node-opcua-schemas: link:../node-opcua-schemas
  node-opcua-service-browse: link:../node-opcua-service-browse
  node-opcua-service-call: link:../node-opcua-service-call
  node-opcua-service-filter: link:../node-opcua-service-filter
  node-opcua-service-history: link:../node-opcua-service-history
  node-opcua-service-translate-browse-path: link:../node-opcua-service-translate-browse-path
  node-opcua-service-write: link:../node-opcua-service-write
  node-opcua-status-code: link:../node-opcua-status-code
  node-opcua-types: link:../node-opcua-types
  node-opcua-utils: link:../node-opcua-utils
  node-opcua-variant: link:../node-opcua-variant
  node-opcua-xml2json: link:../node-opcua-xml2json
  pretty-error: 3.0.3
  set-prototype-of: 1.0.0
  thenify: 3.3.1
  xml-writer: 1.7.0
devDependencies:
  date-utils: 1.2.21
  humanize: 0.0.9
  node-opcua-benchmarker: link:../node-opcua-benchmarker
  node-opcua-binary-stream: link:../node-opcua-binary-stream
  node-opcua-extension-object: link:../node-opcua-extension-object
  node-opcua-leak-detector: link:../node-opcua-leak-detector
  node-opcua-nodesets: link:../node-opcua-nodesets
  node-opcua-packet-analyzer: link:../node-opcua-packet-analyzer
  node-opcua-test-fixtures: link:../node-opcua-test-fixtures
  should: 13.2.3
  sinon: 9.2.4
  source-map-support: 0.5.19
lockfileVersion: 5.2
packages:
  /@sinonjs/commons/1.8.2:
    dependencies:
      type-detect: 4.0.8
    dev: true
    resolution:
      integrity: sha512-sruwd86RJHdsVf/AtBoijDmUqJp3B6hF/DGC23C+JaegnDHaZyewCjoVGTdg3J0uz3Zs7NnIT05OBOmML72lQw==
  /@sinonjs/fake-timers/6.0.1:
    dependencies:
      '@sinonjs/commons': 1.8.2
    dev: true
    resolution:
      integrity: sha512-MZPUxrmFubI36XS1DI3qmI0YdN1gks62JtFZvxR67ljjSNCeK6U08Zx4msEWOXuofgqUt6zPHSi1H9fbjR/NRA==
  /@sinonjs/samsam/5.3.1:
    dependencies:
      '@sinonjs/commons': 1.8.2
      lodash.get: 4.4.2
      type-detect: 4.0.8
    dev: true
    resolution:
      integrity: sha512-1Hc0b1TtyfBu8ixF/tpfSHTVWKwCBLY4QJbkgnE7HcwyvT2xArDxb4K7dMgqRm3szI+LJbzmW/s4xxEhv6hwDg==
  /@sinonjs/text-encoding/0.7.1:
    dev: true
    resolution:
      integrity: sha512-+iTbntw2IZPb/anVDbypzfQa+ay64MW0Zo8aJ8gZPWMMK6/OubMVb6lUPMagqjOPnmtauXnFCACVl3O7ogjeqQ==
  /@types/lodash/4.14.168:
    dev: false
    resolution:
      integrity: sha512-oVfRvqHV/V6D1yifJbVRU3TMp8OT6o6BG+U9MkwuJ3U8/CsDHvalRpsxBqivn71ztOFZBTfJMvETbqHiaNSj7Q==
  /ansi-regex/2.1.1:
    dev: false
    engines:
      node: '>=0.10.0'
    resolution:
      integrity: sha1-w7M6te42DYbg5ijwRorn7yfWVN8=
  /ansi-styles/4.3.0:
    dependencies:
      color-convert: 2.0.1
    dev: false
    engines:
      node: '>=8'
    resolution:
      integrity: sha512-zbB9rCJAT1rbjiVDb2hqKFHNYLxgtk8NURxZ3IZwD3F6NtxbXZQCnnSi1Lkx+IDohdPlFp222wVALIheZJQSEg==
  /any-promise/1.3.0:
    dev: false
    resolution:
      integrity: sha1-q8av7tzqUugJzcA3au0845Y10X8=
  /async/3.2.0:
    dev: false
    resolution:
      integrity: sha512-TR2mEZFVOj2pLStYxLht7TyfuRzaydfpxr3k9RpHIzMgw7A64dzsdqCxH1WJyQdoe8T10nDXd9wnEigmiuHIZw==
  /boolbase/1.0.0:
    dev: false
    resolution:
      integrity: sha1-aN/1++YMUes3cl6p4+0xDcwed24=
  /buffer-from/1.1.1:
    dev: true
    resolution:
      integrity: sha512-MQcXEUbCKtEo7bhqEs6560Hyd4XaovZlO/k9V3hjVUF/zwW7KBVdSK4gIt/bzwS9MbR5qob+F5jusZsb0YQK2A==
  /chalk/4.1.0:
    dependencies:
      ansi-styles: 4.3.0
      supports-color: 7.2.0
    dev: false
    engines:
      node: '>=10'
    resolution:
      integrity: sha512-qwx12AxXe2Q5xQ43Ac//I6v5aXTipYrSESdOgzrN+9XjgEpyjpKuvSGaN4qE93f7TQTlerQQ8S+EQ0EyDoVL1A==
  /color-convert/2.0.1:
    dependencies:
      color-name: 1.1.4
    dev: false
    engines:
      node: '>=7.0.0'
    resolution:
      integrity: sha512-RRECPsj7iu/xb5oKYcsFHSppFNnsj/52OVTRKb4zP5onXwVF3zVmmToNcOfGC+CRDpfK/U584fMg38ZHCaElKQ==
  /color-name/1.1.4:
    dev: false
    resolution:
      integrity: sha512-dOy+3AuW3a2wNbZHIuMZpTcgjGuLU/uBL/ubcZF9OXbDo8ff4O8yVp5Bf0efS8uEoYo5q4Fx7dY9OgQGXgAsQA==
  /css-select/2.1.0:
    dependencies:
      boolbase: 1.0.0
      css-what: 3.4.2
      domutils: 1.7.0
      nth-check: 1.0.2
    dev: false
    resolution:
      integrity: sha512-Dqk7LQKpwLoH3VovzZnkzegqNSuAziQyNZUcrdDM401iY+R5NkGBXGmtO05/yaXQziALuPogeG0b7UAgjnTJTQ==
  /css-what/3.4.2:
    dev: false
    engines:
      node: '>= 6'
    resolution:
      integrity: sha512-ACUm3L0/jiZTqfzRM3Hi9Q8eZqd6IK37mMWPLz9PJxkLWllYeRf+EHUSHYEtFop2Eqytaq1FizFVh7XfBnXCDQ==
  /date-utils/1.2.21:
    dev: true
    engines:
      node: '>0.4.0'
    resolution:
      integrity: sha1-YfsWzcEnSzyayq/+n8ad+HIKK2Q=
  /dequeue/1.0.5:
    dev: false
    resolution:
      integrity: sha1-EPHO8H4yNLIdyzj0v6LWYDSrZ8c=
  /diff/4.0.2:
    dev: true
    engines:
      node: '>=0.3.1'
    resolution:
      integrity: sha512-58lmxKSA4BNyLz+HHMUzlOEpg09FV+ev6ZMe3vJihgdxzgcwZ8VoEEPmALCZG9LmqfVoNMMKpttIYTVG6uDY7A==
  /dom-converter/0.2.0:
    dependencies:
      utila: 0.4.0
    dev: false
    resolution:
      integrity: sha512-gd3ypIPfOMr9h5jIKq8E3sHOTCjeirnl0WK5ZdS1AW0Odt0b1PaWaHdJ4Qk4klv+YB9aJBS7mESXjFoDQPu6DA==
  /dom-serializer/0.2.2:
    dependencies:
      domelementtype: 2.1.0
      entities: 2.2.0
    dev: false
    resolution:
      integrity: sha512-2/xPb3ORsQ42nHYiSunXkDjPLBaEj/xTwUO4B7XCZQTRk7EBtTOPaygh10YAAh2OI1Qrp6NWfpAhzswj0ydt9g==
  /domelementtype/1.3.1:
    dev: false
    resolution:
      integrity: sha512-BSKB+TSpMpFI/HOxCNr1O8aMOTZ8hT3pM3GQ0w/mWRmkhEDSFJkkyzz4XQsBV44BChwGkrDfMyjVD0eA2aFV3w==
  /domelementtype/2.1.0:
    dev: false
    resolution:
      integrity: sha512-LsTgx/L5VpD+Q8lmsXSHW2WpA+eBlZ9HPf3erD1IoPF00/3JKHZ3BknUVA2QGDNu69ZNmyFmCWBSO45XjYKC5w==
  /domhandler/2.4.2:
    dependencies:
      domelementtype: 1.3.1
    dev: false
    resolution:
      integrity: sha512-JiK04h0Ht5u/80fdLMCEmV4zkNh2BcoMFBmZ/91WtYZ8qVXSKjiw7fXMgFPnHcSZgOo3XdinHvmnDUeMf5R4wA==
  /domutils/1.7.0:
    dependencies:
      dom-serializer: 0.2.2
      domelementtype: 1.3.1
    dev: false
    resolution:
      integrity: sha512-Lgd2XcJ/NjEw+7tFvfKxOzCYKZsdct5lczQ2ZaQY8Djz7pfAD3Gbp8ySJWtreII/vDlMVmxwa6pHmdxIYgttDg==
  /entities/1.1.2:
    dev: false
    resolution:
      integrity: sha512-f2LZMYl1Fzu7YSBKg+RoROelpOaNrcGmE9AZubeDfrCEia483oW4MI4VyFd5VNHIgQ/7qm1I0wUHK1eJnn2y2w==
  /entities/2.2.0:
    dev: false
    resolution:
      integrity: sha512-p92if5Nz619I0w+akJrLZH0MX0Pb5DX39XOwQTtXSdQQOaYH03S1uIQp4mhOZtAXrxq4ViO67YTiLBo2638o9A==
  /has-flag/4.0.0:
    engines:
      node: '>=8'
    resolution:
      integrity: sha512-EykJT/Q1KjTWctppgIAgfSO0tKVuZUjhgMr17kqTumMl6Afv3EISleU7qZUzoXDFTAHTDC4NOoG/ZxU3EvlMPQ==
  /htmlparser2/3.10.1:
    dependencies:
      domelementtype: 1.3.1
      domhandler: 2.4.2
      domutils: 1.7.0
      entities: 1.1.2
      inherits: 2.0.4
      readable-stream: 3.6.0
    dev: false
    resolution:
      integrity: sha512-IgieNijUMbkDovyoKObU1DUhm1iwNYE/fuifEoEHfd1oZKZDaONBSkal7Y01shxsM49R4XaMdGez3WnF9UfiCQ==
  /humanize/0.0.9:
    dev: true
    resolution:
      integrity: sha1-GZT/rs3+nEQe0r2sdFK3u0yeQaQ=
  /inherits/2.0.4:
    dev: false
    resolution:
      integrity: sha512-k/vGaX4/Yla3WzyMCvTQOXYeIHvqOKtnqBduzTHpzpQZzAskKMhZ2K+EnBiSM9zGSoIFeMpXKxa4dYeZIQqewQ==
  /isarray/0.0.1:
    dev: true
    resolution:
      integrity: sha1-ihis/Kmo9Bd+Cav8YDiTmwXR7t8=
  /just-extend/4.1.1:
    dev: true
    resolution:
      integrity: sha512-aWgeGFW67BP3e5181Ep1Fv2v8z//iBJfrvyTnq8wG86vEESwmonn1zPBJ0VfmT9CJq2FIT0VsETtrNFm2a+SHA==
  /lodash.get/4.4.2:
    dev: true
    resolution:
      integrity: sha1-LRd/ZS+jHpObRDjVNBSZ36OCXpk=
  /lodash/4.17.21:
    dev: false
    resolution:
      integrity: sha512-v2kDEe57lecTulaDIuNTPy3Ry4gLGJ6Z1O3vE1krgXZNrsQ+LFTGHVxVjcXPs17LhbZVGedAJv8XZ1tvj5FvSg==
  /nise/4.1.0:
    dependencies:
      '@sinonjs/commons': 1.8.2
      '@sinonjs/fake-timers': 6.0.1
      '@sinonjs/text-encoding': 0.7.1
      just-extend: 4.1.1
      path-to-regexp: 1.8.0
    dev: true
    resolution:
      integrity: sha512-eQMEmGN/8arp0xsvGoQ+B1qvSkR73B1nWSCh7nOt5neMCtwcQVYQGdzQMhcNscktTsWB54xnlSQFzOAPJD8nXA==
  /nth-check/1.0.2:
    dependencies:
      boolbase: 1.0.0
    dev: false
    resolution:
      integrity: sha512-WeBOdju8SnzPN5vTUJYxYUxLeXpCaVP5i5e0LF8fg7WORF2Wd7wFX/pk0tYZk7s8T+J7VLy0Da6J1+wCT0AtHg==
  /path-to-regexp/1.8.0:
    dependencies:
      isarray: 0.0.1
    dev: true
    resolution:
      integrity: sha512-n43JRhlUKUAlibEJhPeir1ncUID16QnEjNpwzNdO3Lm4ywrBpBZ5oLD0I6br9evr1Y9JTqwRtAh7JLoOzAQdVA==
  /pretty-error/3.0.3:
    dependencies:
      lodash: 4.17.21
      renderkid: 2.0.5
    dev: false
    resolution:
      integrity: sha512-nFB0BMeWNJA4YfmrgqPhOH3UQjMQZASZ2ueBfmlyqpVy9+ExLcmwXL/Iu4Wb9pbt/cubQXK4ir8IZUnE8EwFnw==
  /readable-stream/3.6.0:
    dependencies:
      inherits: 2.0.4
      string_decoder: 1.3.0
      util-deprecate: 1.0.2
    dev: false
    engines:
      node: '>= 6'
    resolution:
      integrity: sha512-BViHy7LKeTz4oNnkcLJ+lVSL6vpiFeX6/d3oSH8zCW7UxP2onchk+vTGB143xuFjHS3deTgkKoXXymXqymiIdA==
  /renderkid/2.0.5:
    dependencies:
      css-select: 2.1.0
      dom-converter: 0.2.0
      htmlparser2: 3.10.1
      lodash: 4.17.21
      strip-ansi: 3.0.1
    dev: false
    resolution:
      integrity: sha512-ccqoLg+HLOHq1vdfYNm4TBeaCDIi1FLt3wGojTDSvdewUv65oTmI3cnT2E4hRjl1gzKZIPK+KZrXzlUYKnR+vQ==
  /safe-buffer/5.2.1:
    dev: false
    resolution:
      integrity: sha512-rp3So07KcdmmKbGvgaNxQSJr7bGVSVk5S9Eq1F+ppbRo70+YeaDxkw5Dd8NPN+GD6bjnYm2VuPuCXmpuYvmCXQ==
  /set-prototype-of/1.0.0:
    dev: false
    resolution:
      integrity: sha1-gCIdbaDsaFEd3HQ5CXV60UT8Hf0=
  /should-equal/2.0.0:
    dependencies:
      should-type: 1.4.0
    dev: true
    resolution:
      integrity: sha512-ZP36TMrK9euEuWQYBig9W55WPC7uo37qzAEmbjHz4gfyuXrEUgF8cUvQVO+w+d3OMfPvSRQJ22lSm8MQJ43LTA==
  /should-format/3.0.3:
    dependencies:
      should-type: 1.4.0
      should-type-adaptors: 1.1.0
    dev: true
    resolution:
      integrity: sha1-m/yPdPo5IFxT04w01xcwPidxJPE=
  /should-type-adaptors/1.1.0:
    dependencies:
      should-type: 1.4.0
      should-util: 1.0.1
    dev: true
    resolution:
      integrity: sha512-JA4hdoLnN+kebEp2Vs8eBe9g7uy0zbRo+RMcU0EsNy+R+k049Ki+N5tT5Jagst2g7EAja+euFuoXFCa8vIklfA==
  /should-type/1.4.0:
    dev: true
    resolution:
      integrity: sha1-B1bYzoRt/QmEOmlHcZ36DUz/XPM=
  /should-util/1.0.1:
    dev: true
    resolution:
      integrity: sha512-oXF8tfxx5cDk8r2kYqlkUJzZpDBqVY/II2WhvU0n9Y3XYvAYRmeaf1PvvIvTgPnv4KJ+ES5M0PyDq5Jp+Ygy2g==
  /should/13.2.3:
    dependencies:
      should-equal: 2.0.0
      should-format: 3.0.3
      should-type: 1.4.0
      should-type-adaptors: 1.1.0
      should-util: 1.0.1
    dev: true
    resolution:
      integrity: sha512-ggLesLtu2xp+ZxI+ysJTmNjh2U0TsC+rQ/pfED9bUZZ4DKefP27D+7YJVVTvKsmjLpIi9jAa7itwDGkDDmt1GQ==
  /sinon/9.2.4:
    dependencies:
      '@sinonjs/commons': 1.8.2
      '@sinonjs/fake-timers': 6.0.1
      '@sinonjs/samsam': 5.3.1
      diff: 4.0.2
      nise: 4.1.0
      supports-color: 7.2.0
    dev: true
    resolution:
      integrity: sha512-zljcULZQsJxVra28qIAL6ow1Z9tpattkCTEJR4RBP3TGc00FcttsP5pK284Nas5WjMZU5Yzy3kAIp3B3KRf5Yg==
  /source-map-support/0.5.19:
    dependencies:
      buffer-from: 1.1.1
      source-map: 0.6.1
    dev: true
    resolution:
      integrity: sha512-Wonm7zOCIJzBGQdB+thsPar0kYuCIzYvxZwlBa87yi/Mdjv7Tip2cyVbLj5o0cFPN4EVkuTwb3GDDyUx2DGnGw==
  /source-map/0.6.1:
    dev: true
    engines:
      node: '>=0.10.0'
    resolution:
      integrity: sha512-UjgapumWlbMhkBgzT7Ykc5YXUT46F0iKu8SGXq0bcwP5dz/h0Plj6enJqjz1Zbq2l5WaqYnrVbwWOWMyF3F47g==
  /string_decoder/1.3.0:
    dependencies:
      safe-buffer: 5.2.1
    dev: false
    resolution:
      integrity: sha512-hkRX8U1WjJFd8LsDJ2yQ/wWWxaopEsABU1XfkM8A+j0+85JAGppt16cr1Whg6KIbb4okU6Mql6BOj+uup/wKeA==
  /strip-ansi/3.0.1:
    dependencies:
      ansi-regex: 2.1.1
    dev: false
    engines:
      node: '>=0.10.0'
    resolution:
      integrity: sha1-ajhfuIU9lS1f8F0Oiq+UJ43GPc8=
  /supports-color/7.2.0:
    dependencies:
      has-flag: 4.0.0
    engines:
      node: '>=8'
    resolution:
      integrity: sha512-qpCAvRl9stuOHveKsn7HncJRvv501qIacKzQlO/+Lwxc9+0q2wLyv4Dfvt80/DPn2pqOBsJdDiogXGR9+OvwRw==
  /thenify/3.3.1:
    dependencies:
      any-promise: 1.3.0
    dev: false
    resolution:
      integrity: sha512-RVZSIV5IG10Hk3enotrhvz0T9em6cyHBLkH/YAZuKqd8hRkKhSfCGIcP2KUY0EPxndzANBmNllzWPwak+bheSw==
  /type-detect/4.0.8:
    dev: true
    engines:
      node: '>=4'
    resolution:
      integrity: sha512-0fr/mIH1dlO+x7TlcMy+bIDqKPsw/70tVyeHW787goQjhmqaZe10uwLujubK9q9Lg6Fiho1KUKDYz0Z7k7g5/g==
  /util-deprecate/1.0.2:
    dev: false
    resolution:
      integrity: sha1-RQ1Nyfpw3nMnYvvS1KKJgUGaDM8=
  /utila/0.4.0:
    dev: false
    resolution:
      integrity: sha1-ihagXURWV6Oupe7MWxKk+lN5dyw=
  /xml-writer/1.7.0:
    dev: false
    engines:
      node: '>=0.4.0'
    resolution:
      integrity: sha1-t28dWRwWomNOvbcDx729D9aBkGU=
specifiers:
  '@types/lodash': 4.14.168
  async: ^3.2.0
  chalk: ^4.1.0
  date-utils: ^1.2.21
  dequeue: ^1.0.5
  humanize: 0.0.9
  lodash: 4.17.21
  node-opcua-assert: 2.35.0
  node-opcua-basic-types: 2.35.0
  node-opcua-benchmarker: 2.35.0
  node-opcua-binary-stream: 2.35.0
  node-opcua-client-dynamic-extension-object: 2.35.0
  node-opcua-constants: 2.35.0
  node-opcua-data-access: 2.35.0
  node-opcua-data-model: 2.35.0
  node-opcua-data-value: 2.35.0
  node-opcua-date-time: 2.35.0
  node-opcua-debug: 2.35.0
  node-opcua-enum: 2.35.0
  node-opcua-extension-object: 2.35.0
  node-opcua-factory: 2.35.0
  node-opcua-leak-detector: 2.35.0
  node-opcua-nodeid: 2.35.0
  node-opcua-nodesets: 2.35.0
  node-opcua-numeric-range: 2.35.0
  node-opcua-object-registry: 2.35.0
  node-opcua-packet-analyzer: 2.35.0
  node-opcua-pseudo-session: 2.35.0
  node-opcua-schemas: 2.35.0
  node-opcua-service-browse: 2.35.0
  node-opcua-service-call: 2.35.0
  node-opcua-service-filter: 2.35.0
  node-opcua-service-history: 2.35.0
  node-opcua-service-translate-browse-path: 2.35.0
  node-opcua-service-write: 2.35.0
  node-opcua-status-code: 2.35.0
  node-opcua-test-fixtures: 2.35.0
  node-opcua-types: 2.35.0
  node-opcua-utils: 2.35.0
  node-opcua-variant: 2.35.0
  node-opcua-xml2json: 2.35.0
  pretty-error: ^3.0.3
  set-prototype-of: ^1.0.0
  should: ^13.2.3
  sinon: ^9.2.4
  source-map-support: ^0.5.19
  thenify: ^3.3.1
  xml-writer: ^1.7.0
