{
	"name": "node-opcua-assert",
	"version": "0.4.0",
	"lockfileVersion": 1,
	"requires": true,
	"dependencies": {
		"better-assert": {
			"version": "1.0.2",
			"resolved": "https://registry.npmjs.org/better-assert/-/better-assert-1.0.2.tgz",
			"integrity": "sha1-QIZrnhueC1W0gYlDEeaPr/rrxSI=",
			"requires": {
				"callsite": "1.0.0"
			},
			"dependencies": {
				"callsite": {
					"version": "1.0.0",
					"resolved": "https://registry.npmjs.org/callsite/-/callsite-1.0.0.tgz",
					"integrity": "sha1-KAOY5dZkvXQDi28JBRU+borxvCA="
				}
			}
		}
	}
}
