dependencies:
  browser-process-hrtime: 1.0.0
  long: 4.0.0
  node-opcua-assert: link:../node-opcua-assert
devDependencies:
  bignumber.js: 9.0.1
  node-opcua-benchmarker: link:../node-opcua-benchmarker
  node-opcua-binary-stream: link:../node-opcua-binary-stream
  node-opcua-debug: link:../node-opcua-debug
  should: 13.2.3
lockfileVersion: 5.2
packages:
  /bignumber.js/9.0.1:
    dev: true
    resolution:
      integrity: sha512-IdZR9mh6ahOBv/hYGiXyVuyCetmGJhtYkqLBpTStdhEGjegpPlUawydyaF3pbIOFynJTpllEs+NP+CS9jKFLjA==
  /browser-process-hrtime/1.0.0:
    dev: false
    resolution:
      integrity: sha512-9o5UecI3GhkpM6DrXr69PblIuWxPKk9Y0jHBRhdocZ2y7YECBFCsHm79Pr3OyR2AvjhDkabFJaDJMYRazHgsow==
  /long/4.0.0:
    dev: false
    resolution:
      integrity: sha512-XsP+KhQif4bjX1kbuSiySJFNAehNxgLb6hPRGJ9QsUr8ajHkuXGdrHmFUTUUXhDwVX2R5bY4JNZEwbUiMhV+MA==
  /should-equal/2.0.0:
    dependencies:
      should-type: 1.4.0
    dev: true
    resolution:
      integrity: sha512-ZP36TMrK9euEuWQYBig9W55WPC7uo37qzAEmbjHz4gfyuXrEUgF8cUvQVO+w+d3OMfPvSRQJ22lSm8MQJ43LTA==
  /should-format/3.0.3:
    dependencies:
      should-type: 1.4.0
      should-type-adaptors: 1.1.0
    dev: true
    resolution:
      integrity: sha1-m/yPdPo5IFxT04w01xcwPidxJPE=
  /should-type-adaptors/1.1.0:
    dependencies:
      should-type: 1.4.0
      should-util: 1.0.1
    dev: true
    resolution:
      integrity: sha512-JA4hdoLnN+kebEp2Vs8eBe9g7uy0zbRo+RMcU0EsNy+R+k049Ki+N5tT5Jagst2g7EAja+euFuoXFCa8vIklfA==
  /should-type/1.4.0:
    dev: true
    resolution:
      integrity: sha1-B1bYzoRt/QmEOmlHcZ36DUz/XPM=
  /should-util/1.0.1:
    dev: true
    resolution:
      integrity: sha512-oXF8tfxx5cDk8r2kYqlkUJzZpDBqVY/II2WhvU0n9Y3XYvAYRmeaf1PvvIvTgPnv4KJ+ES5M0PyDq5Jp+Ygy2g==
  /should/13.2.3:
    dependencies:
      should-equal: 2.0.0
      should-format: 3.0.3
      should-type: 1.4.0
      should-type-adaptors: 1.1.0
      should-util: 1.0.1
    dev: true
    resolution:
      integrity: sha512-ggLesLtu2xp+ZxI+ysJTmNjh2U0TsC+rQ/pfED9bUZZ4DKefP27D+7YJVVTvKsmjLpIi9jAa7itwDGkDDmt1GQ==
specifiers:
  bignumber.js: ^9.0.1
  browser-process-hrtime: ^1.0.0
  long: ^4.0.0
  node-opcua-assert: 2.35.0
  node-opcua-benchmarker: 2.35.0
  node-opcua-binary-stream: 2.35.0
  node-opcua-debug: 2.35.0
  should: ^13.2.3
