dependencies:
  thenify: 3.3.1
lockfileVersion: 5.2
packages:
  /any-promise/1.3.0:
    dev: false
    resolution:
      integrity: sha1-q8av7tzqUugJzcA3au0845Y10X8=
  /thenify/3.3.1:
    dependencies:
      any-promise: 1.3.0
    dev: false
    resolution:
      integrity: sha512-RVZSIV5IG10Hk3enotrhvz0T9em6cyHBLkH/YAZuKqd8hRkKhSfCGIcP2KUY0EPxndzANBmNllzWPwak+bheSw==
specifiers:
  thenify: ^3.3.1
