dependencies:
  node-opcua-assert: link:../node-opcua-assert
  node-opcua-binary-stream: link:../node-opcua-binary-stream
  node-opcua-data-model: link:../node-opcua-data-model
  node-opcua-debug: link:../node-opcua-debug
  node-opcua-enum: link:../node-opcua-enum
  node-opcua-extension-object: link:../node-opcua-extension-object
  node-opcua-factory: link:../node-opcua-factory
  node-opcua-nodeid: link:../node-opcua-nodeid
  node-opcua-utils: link:../node-opcua-utils
  node-opcua-variant: link:../node-opcua-variant
  node-opcua-xml2json: link:../node-opcua-xml2json
  thenify: 3.3.1
devDependencies:
  node-opcua-packet-analyzer: link:../node-opcua-packet-analyzer
lockfileVersion: 5.2
packages:
  /any-promise/1.3.0:
    dev: false
    resolution:
      integrity: sha1-q8av7tzqUugJzcA3au0845Y10X8=
  /thenify/3.3.1:
    dependencies:
      any-promise: 1.3.0
    dev: false
    resolution:
      integrity: sha512-RVZSIV5IG10Hk3enotrhvz0T9em6cyHBLkH/YAZuKqd8hRkKhSfCGIcP2KUY0EPxndzANBmNllzWPwak+bheSw==
specifiers:
  node-opcua-assert: 2.35.0
  node-opcua-binary-stream: 2.35.0
  node-opcua-data-model: 2.35.0
  node-opcua-debug: 2.35.0
  node-opcua-enum: 2.35.0
  node-opcua-extension-object: 2.35.0
  node-opcua-factory: 2.35.0
  node-opcua-nodeid: 2.35.0
  node-opcua-packet-analyzer: 2.35.0
  node-opcua-utils: 2.35.0
  node-opcua-variant: 2.35.0
  node-opcua-xml2json: 2.35.0
  thenify: ^3.3.1
