{
	"name": "node-opcua-xml2json",
	"version": "0.5.0",
	"lockfileVersion": 1,
	"requires": true,
	"dependencies": {
		"ltx": {
			"version": "2.8.0",
			"resolved": "https://registry.npmjs.org/ltx/-/ltx-2.8.0.tgz",
			"integrity": "sha512-SJJUrmDgXP0gkUzgErfkaeD+pugM8GYxerTALQa1gTUb5W1wrC4k07GZU+QNZd7MpFqJSYWXTQSUy8Ps03hx5Q==",
			"requires": {
				"inherits": "^2.0.1"
			},
			"dependencies": {
				"inherits": {
					"version": "2.0.3",
					"resolved": "https://registry.npmjs.org/inherits/-/inherits-2.0.3.tgz",
					"integrity": "sha1-Yzwsg+PaQqUC9SRmAiSA9CCCYd4="
				}
			}
		}
	}
}
