dependencies:
  node-opcua-assert: link:../node-opcua-assert
  node-opcua-basic-types: link:../node-opcua-basic-types
  node-opcua-data-model: link:../node-opcua-data-model
  node-opcua-enum: link:../node-opcua-enum
  node-opcua-extension-object: link:../node-opcua-extension-object
  node-opcua-factory: link:../node-opcua-factory
  node-opcua-nodeid: link:../node-opcua-nodeid
  node-opcua-utils: link:../node-opcua-utils
devDependencies:
  '@types/lodash': 4.14.168
  '@types/underscore': 1.11.0
  lodash: 4.17.21
  node-opcua-benchmarker: link:../node-opcua-benchmarker
  node-opcua-binary-stream: link:../node-opcua-binary-stream
  node-opcua-debug: link:../node-opcua-debug
  node-opcua-numeric-range: link:../node-opcua-numeric-range
  node-opcua-packet-analyzer: link:../node-opcua-packet-analyzer
  node-opcua-status-code: link:../node-opcua-status-code
  should: 13.2.3
  source-map-support: 0.5.19
  underscore: 1.12.0
lockfileVersion: 5.2
packages:
  /@types/lodash/4.14.168:
    dev: true
    resolution:
      integrity: sha512-oVfRvqHV/V6D1yifJbVRU3TMp8OT6o6BG+U9MkwuJ3U8/CsDHvalRpsxBqivn71ztOFZBTfJMvETbqHiaNSj7Q==
  /@types/underscore/1.11.0:
    dev: true
    resolution:
      integrity: sha512-ipNAQLgRnG0EWN1cTtfdVHp5AyTW/PAMJ1PxLN4bAKSHbusSZbj48mIHiydQpN7GgQrYqwfnvZ573OVfJm5Nzg==
  /buffer-from/1.1.1:
    dev: true
    resolution:
      integrity: sha512-MQcXEUbCKtEo7bhqEs6560Hyd4XaovZlO/k9V3hjVUF/zwW7KBVdSK4gIt/bzwS9MbR5qob+F5jusZsb0YQK2A==
  /lodash/4.17.21:
    dev: true
    resolution:
      integrity: sha512-v2kDEe57lecTulaDIuNTPy3Ry4gLGJ6Z1O3vE1krgXZNrsQ+LFTGHVxVjcXPs17LhbZVGedAJv8XZ1tvj5FvSg==
  /should-equal/2.0.0:
    dependencies:
      should-type: 1.4.0
    dev: true
    resolution:
      integrity: sha512-ZP36TMrK9euEuWQYBig9W55WPC7uo37qzAEmbjHz4gfyuXrEUgF8cUvQVO+w+d3OMfPvSRQJ22lSm8MQJ43LTA==
  /should-format/3.0.3:
    dependencies:
      should-type: 1.4.0
      should-type-adaptors: 1.1.0
    dev: true
    resolution:
      integrity: sha1-m/yPdPo5IFxT04w01xcwPidxJPE=
  /should-type-adaptors/1.1.0:
    dependencies:
      should-type: 1.4.0
      should-util: 1.0.1
    dev: true
    resolution:
      integrity: sha512-JA4hdoLnN+kebEp2Vs8eBe9g7uy0zbRo+RMcU0EsNy+R+k049Ki+N5tT5Jagst2g7EAja+euFuoXFCa8vIklfA==
  /should-type/1.4.0:
    dev: true
    resolution:
      integrity: sha1-B1bYzoRt/QmEOmlHcZ36DUz/XPM=
  /should-util/1.0.1:
    dev: true
    resolution:
      integrity: sha512-oXF8tfxx5cDk8r2kYqlkUJzZpDBqVY/II2WhvU0n9Y3XYvAYRmeaf1PvvIvTgPnv4KJ+ES5M0PyDq5Jp+Ygy2g==
  /should/13.2.3:
    dependencies:
      should-equal: 2.0.0
      should-format: 3.0.3
      should-type: 1.4.0
      should-type-adaptors: 1.1.0
      should-util: 1.0.1
    dev: true
    resolution:
      integrity: sha512-ggLesLtu2xp+ZxI+ysJTmNjh2U0TsC+rQ/pfED9bUZZ4DKefP27D+7YJVVTvKsmjLpIi9jAa7itwDGkDDmt1GQ==
  /source-map-support/0.5.19:
    dependencies:
      buffer-from: 1.1.1
      source-map: 0.6.1
    dev: true
    resolution:
      integrity: sha512-Wonm7zOCIJzBGQdB+thsPar0kYuCIzYvxZwlBa87yi/Mdjv7Tip2cyVbLj5o0cFPN4EVkuTwb3GDDyUx2DGnGw==
  /source-map/0.6.1:
    dev: true
    engines:
      node: '>=0.10.0'
    resolution:
      integrity: sha512-UjgapumWlbMhkBgzT7Ykc5YXUT46F0iKu8SGXq0bcwP5dz/h0Plj6enJqjz1Zbq2l5WaqYnrVbwWOWMyF3F47g==
  /underscore/1.12.0:
    dev: true
    resolution:
      integrity: sha512-21rQzss/XPMjolTiIezSu3JAjgagXKROtNrYFEOWK109qY1Uv2tVjPTZ1ci2HgvQDA16gHYSthQIJfB+XId/rQ==
specifiers:
  '@types/lodash': 4.14.168
  '@types/underscore': ^1.11.0
  lodash: 4.17.21
  node-opcua-assert: 2.35.0
  node-opcua-basic-types: 2.35.0
  node-opcua-benchmarker: 2.35.0
  node-opcua-binary-stream: 2.35.0
  node-opcua-data-model: 2.35.0
  node-opcua-debug: 2.35.0
  node-opcua-enum: 2.35.0
  node-opcua-extension-object: 2.35.0
  node-opcua-factory: 2.35.0
  node-opcua-nodeid: 2.35.0
  node-opcua-numeric-range: 2.35.0
  node-opcua-packet-analyzer: 2.35.0
  node-opcua-status-code: 2.35.0
  node-opcua-utils: 2.35.0
  should: ^13.2.3
  source-map-support: ^0.5.19
  underscore: ^1.12.0
