dependencies:
  node-opcua-address-space: link:../node-opcua-address-space
  node-opcua-assert: link:../node-opcua-assert
  node-opcua-basic-types: link:../node-opcua-basic-types
  node-opcua-data-access: link:../node-opcua-data-access
  node-opcua-data-model: link:../node-opcua-data-model
  node-opcua-data-value: link:../node-opcua-data-value
  node-opcua-factory: link:../node-opcua-factory
  node-opcua-nodeid: link:../node-opcua-nodeid
  node-opcua-status-code: link:../node-opcua-status-code
  node-opcua-variant: link:../node-opcua-variant
lockfileVersion: 5.2
specifiers:
  node-opcua-address-space: 2.35.0
  node-opcua-assert: 2.35.0
  node-opcua-basic-types: 2.35.0
  node-opcua-data-access: 2.35.0
  node-opcua-data-model: 2.35.0
  node-opcua-data-value: 2.35.0
  node-opcua-factory: 2.35.0
  node-opcua-nodeid: 2.35.0
  node-opcua-status-code: 2.35.0
  node-opcua-variant: 2.35.0
