{
	"name": "node-opcua-utils",
	"version": "0.4.2",
	"lockfileVersion": 1,
	"requires": true,
	"dependencies": {
		"@types/node": {
			"version": "10.9.4",
			"resolved": "https://registry.npmjs.org/@types/node/-/node-10.9.4.tgz",
			"integrity": "sha512-fCHV45gS+m3hH17zgkgADUSi2RR1Vht6wOZ0jyHP8rjiQra9f+mIcgwPQHllmDocYOstIEbKlxbFDYlgrTPYqw==",
			"dev": true
		}
	}
}
