dependencies:
  browser-process-hrtime: 1.0.0
  chalk: 4.1.0
  node-opcua-assert: link:../node-opcua-assert
devDependencies:
  '@types/node': 14.14.31
  should: 13.2.3
  sinon: 9.2.4
lockfileVersion: 5.2
packages:
  /@sinonjs/commons/1.8.2:
    dependencies:
      type-detect: 4.0.8
    dev: true
    resolution:
      integrity: sha512-sruwd86RJHdsVf/AtBoijDmUqJp3B6hF/DGC23C+JaegnDHaZyewCjoVGTdg3J0uz3Zs7NnIT05OBOmML72lQw==
  /@sinonjs/fake-timers/6.0.1:
    dependencies:
      '@sinonjs/commons': 1.8.2
    dev: true
    resolution:
      integrity: sha512-MZPUxrmFubI36XS1DI3qmI0YdN1gks62JtFZvxR67ljjSNCeK6U08Zx4msEWOXuofgqUt6zPHSi1H9fbjR/NRA==
  /@sinonjs/samsam/5.3.1:
    dependencies:
      '@sinonjs/commons': 1.8.2
      lodash.get: 4.4.2
      type-detect: 4.0.8
    dev: true
    resolution:
      integrity: sha512-1Hc0b1TtyfBu8ixF/tpfSHTVWKwCBLY4QJbkgnE7HcwyvT2xArDxb4K7dMgqRm3szI+LJbzmW/s4xxEhv6hwDg==
  /@sinonjs/text-encoding/0.7.1:
    dev: true
    resolution:
      integrity: sha512-+iTbntw2IZPb/anVDbypzfQa+ay64MW0Zo8aJ8gZPWMMK6/OubMVb6lUPMagqjOPnmtauXnFCACVl3O7ogjeqQ==
  /@types/node/14.14.31:
    dev: true
    resolution:
      integrity: sha512-vFHy/ezP5qI0rFgJ7aQnjDXwAMrG0KqqIH7tQG5PPv3BWBayOPIQNBjVc/P6hhdZfMx51REc6tfDNXHUio893g==
  /ansi-styles/4.3.0:
    dependencies:
      color-convert: 2.0.1
    dev: false
    engines:
      node: '>=8'
    resolution:
      integrity: sha512-zbB9rCJAT1rbjiVDb2hqKFHNYLxgtk8NURxZ3IZwD3F6NtxbXZQCnnSi1Lkx+IDohdPlFp222wVALIheZJQSEg==
  /browser-process-hrtime/1.0.0:
    dev: false
    resolution:
      integrity: sha512-9o5UecI3GhkpM6DrXr69PblIuWxPKk9Y0jHBRhdocZ2y7YECBFCsHm79Pr3OyR2AvjhDkabFJaDJMYRazHgsow==
  /chalk/4.1.0:
    dependencies:
      ansi-styles: 4.3.0
      supports-color: 7.2.0
    dev: false
    engines:
      node: '>=10'
    resolution:
      integrity: sha512-qwx12AxXe2Q5xQ43Ac//I6v5aXTipYrSESdOgzrN+9XjgEpyjpKuvSGaN4qE93f7TQTlerQQ8S+EQ0EyDoVL1A==
  /color-convert/2.0.1:
    dependencies:
      color-name: 1.1.4
    dev: false
    engines:
      node: '>=7.0.0'
    resolution:
      integrity: sha512-RRECPsj7iu/xb5oKYcsFHSppFNnsj/52OVTRKb4zP5onXwVF3zVmmToNcOfGC+CRDpfK/U584fMg38ZHCaElKQ==
  /color-name/1.1.4:
    dev: false
    resolution:
      integrity: sha512-dOy+3AuW3a2wNbZHIuMZpTcgjGuLU/uBL/ubcZF9OXbDo8ff4O8yVp5Bf0efS8uEoYo5q4Fx7dY9OgQGXgAsQA==
  /diff/4.0.2:
    dev: true
    engines:
      node: '>=0.3.1'
    resolution:
      integrity: sha512-58lmxKSA4BNyLz+HHMUzlOEpg09FV+ev6ZMe3vJihgdxzgcwZ8VoEEPmALCZG9LmqfVoNMMKpttIYTVG6uDY7A==
  /has-flag/4.0.0:
    engines:
      node: '>=8'
    resolution:
      integrity: sha512-EykJT/Q1KjTWctppgIAgfSO0tKVuZUjhgMr17kqTumMl6Afv3EISleU7qZUzoXDFTAHTDC4NOoG/ZxU3EvlMPQ==
  /isarray/0.0.1:
    dev: true
    resolution:
      integrity: sha1-ihis/Kmo9Bd+Cav8YDiTmwXR7t8=
  /just-extend/4.1.1:
    dev: true
    resolution:
      integrity: sha512-aWgeGFW67BP3e5181Ep1Fv2v8z//iBJfrvyTnq8wG86vEESwmonn1zPBJ0VfmT9CJq2FIT0VsETtrNFm2a+SHA==
  /lodash.get/4.4.2:
    dev: true
    resolution:
      integrity: sha1-LRd/ZS+jHpObRDjVNBSZ36OCXpk=
  /nise/4.1.0:
    dependencies:
      '@sinonjs/commons': 1.8.2
      '@sinonjs/fake-timers': 6.0.1
      '@sinonjs/text-encoding': 0.7.1
      just-extend: 4.1.1
      path-to-regexp: 1.8.0
    dev: true
    resolution:
      integrity: sha512-eQMEmGN/8arp0xsvGoQ+B1qvSkR73B1nWSCh7nOt5neMCtwcQVYQGdzQMhcNscktTsWB54xnlSQFzOAPJD8nXA==
  /path-to-regexp/1.8.0:
    dependencies:
      isarray: 0.0.1
    dev: true
    resolution:
      integrity: sha512-n43JRhlUKUAlibEJhPeir1ncUID16QnEjNpwzNdO3Lm4ywrBpBZ5oLD0I6br9evr1Y9JTqwRtAh7JLoOzAQdVA==
  /should-equal/2.0.0:
    dependencies:
      should-type: 1.4.0
    dev: true
    resolution:
      integrity: sha512-ZP36TMrK9euEuWQYBig9W55WPC7uo37qzAEmbjHz4gfyuXrEUgF8cUvQVO+w+d3OMfPvSRQJ22lSm8MQJ43LTA==
  /should-format/3.0.3:
    dependencies:
      should-type: 1.4.0
      should-type-adaptors: 1.1.0
    dev: true
    resolution:
      integrity: sha1-m/yPdPo5IFxT04w01xcwPidxJPE=
  /should-type-adaptors/1.1.0:
    dependencies:
      should-type: 1.4.0
      should-util: 1.0.1
    dev: true
    resolution:
      integrity: sha512-JA4hdoLnN+kebEp2Vs8eBe9g7uy0zbRo+RMcU0EsNy+R+k049Ki+N5tT5Jagst2g7EAja+euFuoXFCa8vIklfA==
  /should-type/1.4.0:
    dev: true
    resolution:
      integrity: sha1-B1bYzoRt/QmEOmlHcZ36DUz/XPM=
  /should-util/1.0.1:
    dev: true
    resolution:
      integrity: sha512-oXF8tfxx5cDk8r2kYqlkUJzZpDBqVY/II2WhvU0n9Y3XYvAYRmeaf1PvvIvTgPnv4KJ+ES5M0PyDq5Jp+Ygy2g==
  /should/13.2.3:
    dependencies:
      should-equal: 2.0.0
      should-format: 3.0.3
      should-type: 1.4.0
      should-type-adaptors: 1.1.0
      should-util: 1.0.1
    dev: true
    resolution:
      integrity: sha512-ggLesLtu2xp+ZxI+ysJTmNjh2U0TsC+rQ/pfED9bUZZ4DKefP27D+7YJVVTvKsmjLpIi9jAa7itwDGkDDmt1GQ==
  /sinon/9.2.4:
    dependencies:
      '@sinonjs/commons': 1.8.2
      '@sinonjs/fake-timers': 6.0.1
      '@sinonjs/samsam': 5.3.1
      diff: 4.0.2
      nise: 4.1.0
      supports-color: 7.2.0
    dev: true
    resolution:
      integrity: sha512-zljcULZQsJxVra28qIAL6ow1Z9tpattkCTEJR4RBP3TGc00FcttsP5pK284Nas5WjMZU5Yzy3kAIp3B3KRf5Yg==
  /supports-color/7.2.0:
    dependencies:
      has-flag: 4.0.0
    engines:
      node: '>=8'
    resolution:
      integrity: sha512-qpCAvRl9stuOHveKsn7HncJRvv501qIacKzQlO/+Lwxc9+0q2wLyv4Dfvt80/DPn2pqOBsJdDiogXGR9+OvwRw==
  /type-detect/4.0.8:
    dev: true
    engines:
      node: '>=4'
    resolution:
      integrity: sha512-0fr/mIH1dlO+x7TlcMy+bIDqKPsw/70tVyeHW787goQjhmqaZe10uwLujubK9q9Lg6Fiho1KUKDYz0Z7k7g5/g==
specifiers:
  '@types/node': ^14.14.31
  browser-process-hrtime: ^1.0.0
  chalk: ^4.1.0
  node-opcua-assert: 2.35.0
  should: ^13.2.3
  sinon: ^9.2.4
